
Microsoft Visual Studio Solution File, Format Version 12.00
# Visual Studio 15
VisualStudioVersion = 15.0.27703.2026
MinimumVisualStudioVersion = 10.0.40219.1
Project("{FAE04EC0-301F-11D3-BF4B-00C04F79EFBC}") = "PigPen", "PigPen\PigPen.csproj", "{B51ACC95-2C50-4E02-ADF6-0F900EEF5696}"
EndProject
Global
	GlobalSection(SolutionConfigurationPlatforms) = preSolution
		Debug|Any CPU = Debug|Any CPU
		Release|Any CPU = Release|Any CPU
	EndGlobalSection
	GlobalSection(ProjectConfigurationPlatforms) = postSolution
		{B51ACC95-2C50-4E02-ADF6-0F900EEF5696}.Debug|Any CPU.ActiveCfg = Debug|Any CPU
		{B51ACC95-2C50-4E02-ADF6-0F900EEF5696}.Debug|Any CPU.Build.0 = Debug|Any CPU
		{B51ACC95-2C50-4E02-ADF6-0F900EEF5696}.Release|Any CPU.ActiveCfg = Release|Any CPU
		{B51ACC95-2C50-4E02-ADF6-0F900EEF5696}.Release|Any CPU.Build.0 = Release|Any CPU
	EndGlobalSection
	GlobalSection(SolutionProperties) = preSolution
		HideSolutionNode = FALSE
	EndGlobalSection
	GlobalSection(ExtensibilityGlobals) = postSolution
		SolutionGuid = {10D3836C-C550-4C83-884F-B1E48D0194DB}
	EndGlobalSection
EndGlobal
